
Microsoft Visual Studio Solution File, Format Version 12.00
Project("{FAE04EC0-301F-11D3-BF4B-00C04F79EFBC}") = "ProductService", "ProductService\ProductService.csproj", "{C825EF09-3838-4D9D-BD8F-2715D0509F5C}"
EndProject
Project("{2150E333-8FDC-42A3-9474-1A3956D46DE8}") = "Solution Items", "Solution Items", "{4759A601-EB20-4974-B677-5D4D9A0AF86B}"
	ProjectSection(SolutionItems) = preProject
		compose.yaml = compose.yaml
	EndProjectSection
EndProject
Global
	GlobalSection(SolutionConfigurationPlatforms) = preSolution
		Debug|Any CPU = Debug|Any CPU
		Release|Any CPU = Release|Any CPU
	EndGlobalSection
	GlobalSection(ProjectConfigurationPlatforms) = postSolution
		{C825EF09-3838-4D9D-BD8F-2715D0509F5C}.Debug|Any CPU.ActiveCfg = Debug|Any CPU
		{C825EF09-3838-4D9D-BD8F-2715D0509F5C}.Debug|Any CPU.Build.0 = Debug|Any CPU
		{C825EF09-3838-4D9D-BD8F-2715D0509F5C}.Release|Any CPU.ActiveCfg = Release|Any CPU
		{C825EF09-3838-4D9D-BD8F-2715D0509F5C}.Release|Any CPU.Build.0 = Release|Any CPU
	EndGlobalSection
EndGlobal
